<?xml version="1.0" encoding="utf-8"?>
<Project ToolsVersion="4.0" xmlns="http://schemas.microsoft.com/developer/msbuild/2003">
  <ItemGroup>
    <Filter Include="리소스 파일">
      <UniqueIdentifier>{67DA6AB6-F800-4c08-8B7A-83BB121AAD01}</UniqueIdentifier>
      <Extensions>rc;ico;cur;bmp;dlg;rc2;rct;bin;rgs;gif;jpg;jpeg;jpe;resx;tiff;tif;png;wav;mfcribbon-ms</Extensions>
    </Filter>
    <Filter Include="PreCompile">
      <UniqueIdentifier>{7b6f16d7-f1a4-466f-9989-09e851df3ec1}</UniqueIdentifier>
    </Filter>
    <Filter Include="Level">
      <UniqueIdentifier>{997ec5ff-d983-4e14-9d12-d71e65ce77bc}</UniqueIdentifier>
    </Filter>
    <Filter Include="Level\Title">
      <UniqueIdentifier>{735f6e25-2061-4980-b7c2-64178c435bfe}</UniqueIdentifier>
    </Filter>
    <Filter Include="Level\Stage">
      <UniqueIdentifier>{c2013238-b2e3-4c3a-83d6-b35327931fd7}</UniqueIdentifier>
    </Filter>
    <Filter Include="Core">
      <UniqueIdentifier>{0bf31ce6-8d63-4e6a-8b22-cd1909a99261}</UniqueIdentifier>
    </Filter>
    <Filter Include="Test">
      <UniqueIdentifier>{54b64eb0-db24-46ec-a372-55a0bd017adf}</UniqueIdentifier>
    </Filter>
    <Filter Include="UI">
      <UniqueIdentifier>{a093aa2f-dfab-47f9-adfd-aa503e8b44df}</UniqueIdentifier>
    </Filter>
    <Filter Include="System">
      <UniqueIdentifier>{7dc4efd3-5d5d-4445-8340-ca3791d96aad}</UniqueIdentifier>
    </Filter>
    <Filter Include="Level\Stage\Cam">
      <UniqueIdentifier>{33c63e60-7dc1-4af3-93f7-b8e3ad390a1b}</UniqueIdentifier>
    </Filter>
  </ItemGroup>
  <ItemGroup>
    <ClCompile Include="PreCompile.cpp">
      <Filter>PreCompile</Filter>
    </ClCompile>
    <ClCompile Include="MainTitleLevel.cpp">
      <Filter>Level\Title</Filter>
    </ClCompile>
    <ClCompile Include="TitleBackGround.cpp">
      <Filter>Level\Title</Filter>
    </ClCompile>
    <ClCompile Include="MyCore.cpp">
      <Filter>Core</Filter>
    </ClCompile>
    <ClCompile Include="Player.cpp">
      <Filter>Test</Filter>
    </ClCompile>
    <ClCompile Include="PlayGameMode.cpp">
      <Filter>Test</Filter>
    </ClCompile>
    <ClCompile Include="TitleLogo.cpp">
      <Filter>Test</Filter>
    </ClCompile>
    <ClCompile Include="TitleGameMode.cpp">
      <Filter>Test</Filter>
    </ClCompile>
    <ClCompile Include="Noise.cpp">
      <Filter>Level\Title</Filter>
    </ClCompile>
    <ClCompile Include="Stage.cpp">
      <Filter>Level\Stage</Filter>
    </ClCompile>
    <ClCompile Include="StageBackGroundClass.cpp">
      <Filter>Level\Stage</Filter>
    </ClCompile>
    <ClCompile Include="Fan.cpp">
      <Filter>Level\Stage</Filter>
    </ClCompile>
    <ClCompile Include="Arrow.cpp">
      <Filter>UI</Filter>
    </ClCompile>
    <ClCompile Include="Mouse.cpp">
      <Filter>System</Filter>
    </ClCompile>
    <ClCompile Include="StageCamera.cpp">
      <Filter>Level\Stage\Cam</Filter>
    </ClCompile>
  </ItemGroup>
  <ItemGroup>
    <ClInclude Include="PreCompile.h">
      <Filter>PreCompile</Filter>
    </ClInclude>
    <ClInclude Include="MainTitleLevel.h">
      <Filter>Level\Title</Filter>
    </ClInclude>
    <ClInclude Include="TitleBackGround.h">
      <Filter>Level\Title</Filter>
    </ClInclude>
    <ClInclude Include="MyCore.h">
      <Filter>Core</Filter>
    </ClInclude>
    <ClInclude Include="Player.h">
      <Filter>Test</Filter>
    </ClInclude>
    <ClInclude Include="PlayGameMode.h">
      <Filter>Test</Filter>
    </ClInclude>
    <ClInclude Include="TitleLogo.h">
      <Filter>Test</Filter>
    </ClInclude>
    <ClInclude Include="TitleGameMode.h">
      <Filter>Test</Filter>
    </ClInclude>
    <ClInclude Include="Noise.h">
      <Filter>Level\Title</Filter>
    </ClInclude>
    <ClInclude Include="Stage.h">
      <Filter>Level\Stage</Filter>
    </ClInclude>
    <ClInclude Include="StageBackGroundClass.h">
      <Filter>Level\Stage</Filter>
    </ClInclude>
    <ClInclude Include="Fan.h">
      <Filter>Level\Stage</Filter>
    </ClInclude>
    <ClInclude Include="Arrow.h">
      <Filter>UI</Filter>
    </ClInclude>
    <ClInclude Include="Mouse.h">
      <Filter>System</Filter>
    </ClInclude>
    <ClInclude Include="StageCamera.h">
      <Filter>Level\Stage\Cam</Filter>
    </ClInclude>
  </ItemGroup>
</Project>