
Microsoft Visual Studio Solution File, Format Version 12.00
# Visual Studio Version 17
VisualStudioVersion = 17.9.34622.214
MinimumVisualStudioVersion = 10.0.40219.1
Project("{2150E333-8FDC-42A3-9474-1A3956D46DE8}") = "Level0", "Level0", "{3892B745-37B0-47D2-BDA6-1A2268752ACE}"
EndProject
Project("{2150E333-8FDC-42A3-9474-1A3956D46DE8}") = "Level2", "Level2", "{156CE33C-74B6-4CC6-A231-39A733A53DF9}"
EndProject
Project("{2150E333-8FDC-42A3-9474-1A3956D46DE8}") = "Level1", "Level1", "{4CEB40D0-210C-4394-B352-507D994B81B2}"
EndProject
Project("{2150E333-8FDC-42A3-9474-1A3956D46DE8}") = "Level3", "Level3", "{A29A3C62-77F0-4F41-985D-8F1E3BD028EB}"
EndProject
Project("{2150E333-8FDC-42A3-9474-1A3956D46DE8}") = "Level4", "Level4", "{CFC27CCF-2379-4033-B926-FDCB3F21C3A2}"
EndProject
Project("{8BC9CEB8-8B4A-11D0-8D11-00A0C91BC942}") = "EngineBase", "EngineBase\EngineBase.vcxproj", "{E58DA714-BAF0-4AD4-9ACF-1EDB8CA44366}"
EndProject
Project("{8BC9CEB8-8B4A-11D0-8D11-00A0C91BC942}") = "EnginePlatform", "EnginePlatform\EnginePlatform.vcxproj", "{B6D0BCA5-653B-4B5E-8ABB-B8B324D3724C}"
EndProject
Global
	GlobalSection(SolutionConfigurationPlatforms) = preSolution
		Debug|x64 = Debug|x64
		Debug|x86 = Debug|x86
		Release|x64 = Release|x64
		Release|x86 = Release|x86
	EndGlobalSection
	GlobalSection(ProjectConfigurationPlatforms) = postSolution
		{E58DA714-BAF0-4AD4-9ACF-1EDB8CA44366}.Debug|x64.ActiveCfg = Debug|x64
		{E58DA714-BAF0-4AD4-9ACF-1EDB8CA44366}.Debug|x64.Build.0 = Debug|x64
		{E58DA714-BAF0-4AD4-9ACF-1EDB8CA44366}.Debug|x86.ActiveCfg = Debug|Win32
		{E58DA714-BAF0-4AD4-9ACF-1EDB8CA44366}.Debug|x86.Build.0 = Debug|Win32
		{E58DA714-BAF0-4AD4-9ACF-1EDB8CA44366}.Release|x64.ActiveCfg = Release|x64
		{E58DA714-BAF0-4AD4-9ACF-1EDB8CA44366}.Release|x64.Build.0 = Release|x64
		{E58DA714-BAF0-4AD4-9ACF-1EDB8CA44366}.Release|x86.ActiveCfg = Release|Win32
		{E58DA714-BAF0-4AD4-9ACF-1EDB8CA44366}.Release|x86.Build.0 = Release|Win32
		{B6D0BCA5-653B-4B5E-8ABB-B8B324D3724C}.Debug|x64.ActiveCfg = Debug|x64
		{B6D0BCA5-653B-4B5E-8ABB-B8B324D3724C}.Debug|x64.Build.0 = Debug|x64
		{B6D0BCA5-653B-4B5E-8ABB-B8B324D3724C}.Debug|x86.ActiveCfg = Debug|Win32
		{B6D0BCA5-653B-4B5E-8ABB-B8B324D3724C}.Debug|x86.Build.0 = Debug|Win32
		{B6D0BCA5-653B-4B5E-8ABB-B8B324D3724C}.Release|x64.ActiveCfg = Release|x64
		{B6D0BCA5-653B-4B5E-8ABB-B8B324D3724C}.Release|x64.Build.0 = Release|x64
		{B6D0BCA5-653B-4B5E-8ABB-B8B324D3724C}.Release|x86.ActiveCfg = Release|Win32
		{B6D0BCA5-653B-4B5E-8ABB-B8B324D3724C}.Release|x86.Build.0 = Release|Win32
	EndGlobalSection
	GlobalSection(SolutionProperties) = preSolution
		HideSolutionNode = FALSE
	EndGlobalSection
	GlobalSection(NestedProjects) = preSolution
		{E58DA714-BAF0-4AD4-9ACF-1EDB8CA44366} = {3892B745-37B0-47D2-BDA6-1A2268752ACE}
		{B6D0BCA5-653B-4B5E-8ABB-B8B324D3724C} = {4CEB40D0-210C-4394-B352-507D994B81B2}
	EndGlobalSection
	GlobalSection(ExtensibilityGlobals) = postSolution
		SolutionGuid = {919DA32E-1F69-4819-B2D8-47BF7F3FA76D}
	EndGlobalSection
EndGlobal
