<?xml version="1.0" encoding="utf-8"?>
<Project ToolsVersion="4.0" xmlns="http://schemas.microsoft.com/developer/msbuild/2003">
  <ItemGroup>
    <ClCompile Include="EngineDebug.cpp">
      <Filter>Debug</Filter>
    </ClCompile>
    <ClCompile Include="EngineMath.cpp">
      <Filter>Math</Filter>
    </ClCompile>
    <ClCompile Include="EngineFile.cpp">
      <Filter>File</Filter>
    </ClCompile>
    <ClCompile Include="EnginePath.cpp">
      <Filter>File</Filter>
    </ClCompile>
    <ClCompile Include="EngineRandom.cpp">
      <Filter>Math</Filter>
    </ClCompile>
    <ClCompile Include="EngineTime.cpp">
      <Filter>Math</Filter>
    </ClCompile>
    <ClCompile Include="EngineDirectory.cpp">
      <Filter>File</Filter>
    </ClCompile>
    <ClCompile Include="EngineSerializer.cpp">
      <Filter>File</Filter>
    </ClCompile>
    <ClCompile Include="NameObject.cpp">
      <Filter>Object</Filter>
    </ClCompile>
    <ClCompile Include="PathObject.cpp">
      <Filter>Object</Filter>
    </ClCompile>
    <ClCompile Include="Transform.cpp">
      <Filter>Math</Filter>
    </ClCompile>
    <ClCompile Include="EngineString.cpp">
      <Filter>String</Filter>
    </ClCompile>
    <ClCompile Include="PreCompile.cpp">
      <Filter>PreCompile</Filter>
    </ClCompile>
    <ClCompile Include="TransformObject.cpp">
      <Filter>Object</Filter>
    </ClCompile>
  </ItemGroup>
  <ItemGroup>
    <ClInclude Include="EngineDebug.h">
      <Filter>Debug</Filter>
    </ClInclude>
    <ClInclude Include="EngineMath.h">
      <Filter>Math</Filter>
    </ClInclude>
    <ClInclude Include="EngineFile.h">
      <Filter>File</Filter>
    </ClInclude>
    <ClInclude Include="EnginePath.h">
      <Filter>File</Filter>
    </ClInclude>
    <ClInclude Include="EngineRandom.h">
      <Filter>Math</Filter>
    </ClInclude>
    <ClInclude Include="EngineTime.h">
      <Filter>Math</Filter>
    </ClInclude>
    <ClInclude Include="EngineDirectory.h">
      <Filter>File</Filter>
    </ClInclude>
    <ClInclude Include="EngineSerializer.h">
      <Filter>File</Filter>
    </ClInclude>
    <ClInclude Include="NameObject.h">
      <Filter>Object</Filter>
    </ClInclude>
    <ClInclude Include="PathObject.h">
      <Filter>Object</Filter>
    </ClInclude>
    <ClInclude Include="Transform.h">
      <Filter>Math</Filter>
    </ClInclude>
    <ClInclude Include="EngineString.h">
      <Filter>String</Filter>
    </ClInclude>
    <ClInclude Include="PreCompile.h">
      <Filter>PreCompile</Filter>
    </ClInclude>
    <ClInclude Include="TransformObject.h">
      <Filter>Object</Filter>
    </ClInclude>
  </ItemGroup>
  <ItemGroup>
    <Filter Include="Debug">
      <UniqueIdentifier>{a7b2e125-60c5-4bf8-b48d-1f59fe17da5e}</UniqueIdentifier>
    </Filter>
    <Filter Include="Math">
      <UniqueIdentifier>{7644474d-6d62-44c6-93a7-bd941cf2192f}</UniqueIdentifier>
    </Filter>
    <Filter Include="File">
      <UniqueIdentifier>{b0095b87-8e8f-4171-8400-001067495b80}</UniqueIdentifier>
    </Filter>
    <Filter Include="Object">
      <UniqueIdentifier>{e0e0c91b-5ac2-4515-92f6-e96bbbbb2a3f}</UniqueIdentifier>
    </Filter>
    <Filter Include="String">
      <UniqueIdentifier>{4c0d1e00-8d9c-4636-b0ca-6805d56a4811}</UniqueIdentifier>
    </Filter>
    <Filter Include="PreCompile">
      <UniqueIdentifier>{33875ffe-4a0a-46b0-8bc5-b70fb0b4e18a}</UniqueIdentifier>
    </Filter>
  </ItemGroup>
</Project>