<?xml version="1.0" encoding="utf-8"?>
<Project ToolsVersion="4.0" xmlns="http://schemas.microsoft.com/developer/msbuild/2003">
  <ItemGroup>
    <ClCompile Include="EngineDebug.cpp">
      <Filter>Debug</Filter>
    </ClCompile>
    <ClCompile Include="EngineMath.cpp">
      <Filter>Math</Filter>
    </ClCompile>
    <ClCompile Include="EngineFile.cpp">
      <Filter>File</Filter>
    </ClCompile>
    <ClCompile Include="EnginePath.cpp">
      <Filter>File</Filter>
    </ClCompile>
    <ClCompile Include="EngineRandom.cpp">
      <Filter>Math</Filter>
    </ClCompile>
    <ClCompile Include="EngineDirectory.cpp">
      <Filter>File</Filter>
    </ClCompile>
    <ClCompile Include="EngineSerializer.cpp">
      <Filter>File</Filter>
    </ClCompile>
    <ClCompile Include="NameObject.cpp">
      <Filter>Object</Filter>
    </ClCompile>
    <ClCompile Include="PathObject.cpp">
      <Filter>Object</Filter>
    </ClCompile>
    <ClCompile Include="Transform.cpp">
      <Filter>Math</Filter>
    </ClCompile>
    <ClCompile Include="EngineString.cpp">
      <Filter>String</Filter>
    </ClCompile>
    <ClCompile Include="PreCompile.cpp">
      <Filter>PreCompile</Filter>
    </ClCompile>
    <ClCompile Include="TransformObject.cpp">
      <Filter>Object</Filter>
    </ClCompile>
    <ClCompile Include="EngineTime.cpp">
      <Filter>Time</Filter>
    </ClCompile>
    <ClCompile Include="EngineThread.cpp">
      <Filter>Thread</Filter>
    </ClCompile>
    <ClCompile Include="Session.cpp">
      <Filter>Math</Filter>
    </ClCompile>
    <ClCompile Include="TCPSession.cpp">
      <Filter>Math</Filter>
    </ClCompile>
    <ClCompile Include="ThreadPool.cpp">
      <Filter>Math</Filter>
    </ClCompile>
    <ClCompile Include="EngineClient.cpp">
      <Filter>Math</Filter>
    </ClCompile>
    <ClCompile Include="EngineDispatcher.cpp">
      <Filter>Math</Filter>
    </ClCompile>
    <ClCompile Include="EngineNet.cpp">
      <Filter>Math</Filter>
    </ClCompile>
    <ClCompile Include="EngineProtocol.cpp">
      <Filter>Math</Filter>
    </ClCompile>
    <ClCompile Include="EngineServer.cpp">
      <Filter>Math</Filter>
    </ClCompile>
    <ClCompile Include="NetObject.cpp">
      <Filter>Math</Filter>
    </ClCompile>
    <ClCompile Include="NetStartUpHelper.cpp">
      <Filter>Math</Filter>
    </ClCompile>
  </ItemGroup>
  <ItemGroup>
    <ClInclude Include="EngineDebug.h">
      <Filter>Debug</Filter>
    </ClInclude>
    <ClInclude Include="EngineMath.h">
      <Filter>Math</Filter>
    </ClInclude>
    <ClInclude Include="EngineFile.h">
      <Filter>File</Filter>
    </ClInclude>
    <ClInclude Include="EnginePath.h">
      <Filter>File</Filter>
    </ClInclude>
    <ClInclude Include="EngineRandom.h">
      <Filter>Math</Filter>
    </ClInclude>
    <ClInclude Include="EngineDirectory.h">
      <Filter>File</Filter>
    </ClInclude>
    <ClInclude Include="EngineSerializer.h">
      <Filter>File</Filter>
    </ClInclude>
    <ClInclude Include="NameObject.h">
      <Filter>Object</Filter>
    </ClInclude>
    <ClInclude Include="PathObject.h">
      <Filter>Object</Filter>
    </ClInclude>
    <ClInclude Include="Transform.h">
      <Filter>Math</Filter>
    </ClInclude>
    <ClInclude Include="EngineString.h">
      <Filter>String</Filter>
    </ClInclude>
    <ClInclude Include="PreCompile.h">
      <Filter>PreCompile</Filter>
    </ClInclude>
    <ClInclude Include="TransformObject.h">
      <Filter>Object</Filter>
    </ClInclude>
    <ClInclude Include="EngineTime.h">
      <Filter>Time</Filter>
    </ClInclude>
    <ClInclude Include="EngineThread.h">
      <Filter>Thread</Filter>
    </ClInclude>
    <ClInclude Include="NetStartUpHelper.h">
      <Filter>Math</Filter>
    </ClInclude>
    <ClInclude Include="Session.h">
      <Filter>Math</Filter>
    </ClInclude>
    <ClInclude Include="TCPSession.h">
      <Filter>Math</Filter>
    </ClInclude>
    <ClInclude Include="ThreadPool.h">
      <Filter>Math</Filter>
    </ClInclude>
    <ClInclude Include="EngineClient.h">
      <Filter>Math</Filter>
    </ClInclude>
    <ClInclude Include="EngineDispatcher.h">
      <Filter>Math</Filter>
    </ClInclude>
    <ClInclude Include="EngineNet.h">
      <Filter>Math</Filter>
    </ClInclude>
    <ClInclude Include="EngineNetHeader.h">
      <Filter>Math</Filter>
    </ClInclude>
    <ClInclude Include="EngineProtocol.h">
      <Filter>Math</Filter>
    </ClInclude>
    <ClInclude Include="EngineServer.h">
      <Filter>Math</Filter>
    </ClInclude>
    <ClInclude Include="NetObject.h">
      <Filter>Math</Filter>
    </ClInclude>
  </ItemGroup>
  <ItemGroup>
    <Filter Include="Debug">
      <UniqueIdentifier>{a7b2e125-60c5-4bf8-b48d-1f59fe17da5e}</UniqueIdentifier>
    </Filter>
    <Filter Include="Math">
      <UniqueIdentifier>{7644474d-6d62-44c6-93a7-bd941cf2192f}</UniqueIdentifier>
    </Filter>
    <Filter Include="File">
      <UniqueIdentifier>{b0095b87-8e8f-4171-8400-001067495b80}</UniqueIdentifier>
    </Filter>
    <Filter Include="Object">
      <UniqueIdentifier>{e0e0c91b-5ac2-4515-92f6-e96bbbbb2a3f}</UniqueIdentifier>
    </Filter>
    <Filter Include="String">
      <UniqueIdentifier>{4c0d1e00-8d9c-4636-b0ca-6805d56a4811}</UniqueIdentifier>
    </Filter>
    <Filter Include="PreCompile">
      <UniqueIdentifier>{33875ffe-4a0a-46b0-8bc5-b70fb0b4e18a}</UniqueIdentifier>
    </Filter>
    <Filter Include="Time">
      <UniqueIdentifier>{2af65220-6c0b-4967-9c1d-8cb92d492398}</UniqueIdentifier>
    </Filter>
    <Filter Include="Thread">
      <UniqueIdentifier>{25b1752a-01ee-4d27-8102-f66b23598dac}</UniqueIdentifier>
    </Filter>
  </ItemGroup>
</Project>